
Microsoft Visual Studio Solution File, Format Version 12.00
# Visual Studio Version 17
VisualStudioVersion = 17.14.36408.4 d17.14
MinimumVisualStudioVersion = 10.0.40219.1
Project("{FAE04EC0-301F-11D3-BF4B-00C04F79EFBC}") = "DreamLens", "DreamLens.csproj", "{28AA958F-BE4C-4147-ABDC-F412262B0528}"
EndProject
Global
	GlobalSection(SolutionConfigurationPlatforms) = preSolution
		Debug|Any CPU = Debug|Any CPU
		Release|Any CPU = Release|Any CPU
	EndGlobalSection
	GlobalSection(ProjectConfigurationPlatforms) = postSolution
		{28AA958F-BE4C-4147-ABDC-F412262B0528}.Debug|Any CPU.ActiveCfg = Debug|Any CPU
		{28AA958F-BE4C-4147-ABDC-F412262B0528}.Debug|Any CPU.Build.0 = Debug|Any CPU
		{28AA958F-BE4C-4147-ABDC-F412262B0528}.Release|Any CPU.ActiveCfg = Release|Any CPU
		{28AA958F-BE4C-4147-ABDC-F412262B0528}.Release|Any CPU.Build.0 = Release|Any CPU
	EndGlobalSection
	GlobalSection(SolutionProperties) = preSolution
		HideSolutionNode = FALSE
	EndGlobalSection
	GlobalSection(ExtensibilityGlobals) = postSolution
		SolutionGuid = {C4880FAD-C1D5-411A-910D-2FCCFD1C12FE}
	EndGlobalSection
EndGlobal
